
Microsoft Visual Studio Solution File, Format Version 12.00
# Visual Studio Version 17
VisualStudioVersion = 17.4.32912.340
MinimumVisualStudioVersion = 10.0.40219.1
Project("{9A19103F-16F7-4668-BE54-9A1E7A4F7556}") = "GamePadTests.DesktopGL", "GamePadTests.DesktopGL\GamePadTests.DesktopGL.csproj", "{DD0539AD-0CA6-467C-9955-BA19FFC63CB2}"
EndProject
Project("{FAE04EC0-301F-11D3-BF4B-00C04F79EFBC}") = "GamePadTests.Core", "GamePadTests.Core\GamePadTests.Core.csproj", "{8A06B930-BD4A-4495-948B-19B9B205A26D}"
EndProject
Project("{2150E333-8FDC-42A3-9474-1A3956D46DE8}") = "Platforms", "Platforms", "{C25A12AE-C6E2-4DC3-8BC7-687D798B18DE}"
EndProject
Project("{FAE04EC0-301F-11D3-BF4B-00C04F79EFBC}") = "GamePadTests.Android", "GamePadTests.Android\GamePadTests.Android.csproj", "{C33DBB83-6749-4992-BF7B-B278FB301719}"
EndProject
Project("{FAE04EC0-301F-11D3-BF4B-00C04F79EFBC}") = "GamePadTests.iOS", "GamePadTests.iOS\GamePadTests.iOS.csproj", "{E843C85A-F43C-4FBD-A619-550B783B660E}"
EndProject
Project("{FAE04EC0-301F-11D3-BF4B-00C04F79EFBC}") = "GamePadTests.WindowsDX", "GamePadTests.WindowsDX\GamePadTests.WindowsDX.csproj", "{3ACF3FA5-18D0-49E5-9E08-8DC0581C3681}"
EndProject
Project("{2150E333-8FDC-42A3-9474-1A3956D46DE8}") = "MonoGame", "MonoGame", "{02EA681E-C7D8-13C7-8484-4AC65E1B71E8}"
EndProject
Project("{FAE04EC0-301F-11D3-BF4B-00C04F79EFBC}") = "MonoGame.Framework.DesktopGL", "..\MonoGame.Source\MonoGame.Framework\MonoGame.Framework.DesktopGL.csproj", "{292D213A-6955-5300-A9A5-63252CF1EBC6}"
EndProject
Project("{FAE04EC0-301F-11D3-BF4B-00C04F79EFBC}") = "MonoGame.Framework.Android", "..\MonoGame.Source\MonoGame.Framework\MonoGame.Framework.Android.csproj", "{BFF88014-0DB5-2050-2D1B-BAEF7DC482CF}"
EndProject
Project("{FAE04EC0-301F-11D3-BF4B-00C04F79EFBC}") = "MonoGame.Framework.iOS", "..\MonoGame.Source\MonoGame.Framework\MonoGame.Framework.iOS.csproj", "{497A3CE3-09CB-F3B8-83A6-4AA254762AFE}"
EndProject
Project("{FAE04EC0-301F-11D3-BF4B-00C04F79EFBC}") = "MonoGame.Framework.WindowsDX", "..\MonoGame.Source\MonoGame.Framework\MonoGame.Framework.WindowsDX.csproj", "{4C6B7EA0-D5A6-C201-2281-285DDE81CEFC}"
EndProject
Project("{FAE04EC0-301F-11D3-BF4B-00C04F79EFBC}") = "MonoGame.Content.Builder.Task", "..\MonoGame.Source\Tools\MonoGame.Content.Builder.Task\MonoGame.Content.Builder.Task.csproj", "{AF6A9DF2-1059-1BA8-6711-D87DDFB37F7C}"
EndProject
Project("{FAE04EC0-301F-11D3-BF4B-00C04F79EFBC}") = "MonoGame.Content.Builder", "..\MonoGame.Source\Tools\MonoGame.Content.Builder\MonoGame.Content.Builder.csproj", "{16AA0E69-8E97-BFF5-684B-97D86F4D123B}"
EndProject
Project("{FAE04EC0-301F-11D3-BF4B-00C04F79EFBC}") = "MonoGame.Framework.Content.Pipeline", "..\MonoGame.Source\MonoGame.Framework.Content.Pipeline\MonoGame.Framework.Content.Pipeline.csproj", "{AA596824-9D74-B2E3-FC58-3C4A1C87B90F}"
EndProject
Global
	GlobalSection(SolutionConfigurationPlatforms) = preSolution
		Debug|Any CPU = Debug|Any CPU
		Release|Any CPU = Release|Any CPU
	EndGlobalSection
	GlobalSection(ProjectConfigurationPlatforms) = postSolution
		{DD0539AD-0CA6-467C-9955-BA19FFC63CB2}.Debug|Any CPU.ActiveCfg = Debug|Any CPU
		{DD0539AD-0CA6-467C-9955-BA19FFC63CB2}.Debug|Any CPU.Build.0 = Debug|Any CPU
		{DD0539AD-0CA6-467C-9955-BA19FFC63CB2}.Release|Any CPU.ActiveCfg = Release|Any CPU
		{DD0539AD-0CA6-467C-9955-BA19FFC63CB2}.Release|Any CPU.Build.0 = Release|Any CPU
		{8A06B930-BD4A-4495-948B-19B9B205A26D}.Debug|Any CPU.ActiveCfg = Debug|Any CPU
		{8A06B930-BD4A-4495-948B-19B9B205A26D}.Debug|Any CPU.Build.0 = Debug|Any CPU
		{8A06B930-BD4A-4495-948B-19B9B205A26D}.Release|Any CPU.ActiveCfg = Release|Any CPU
		{8A06B930-BD4A-4495-948B-19B9B205A26D}.Release|Any CPU.Build.0 = Release|Any CPU
		{C33DBB83-6749-4992-BF7B-B278FB301719}.Debug|Any CPU.ActiveCfg = Debug|Any CPU
		{C33DBB83-6749-4992-BF7B-B278FB301719}.Debug|Any CPU.Build.0 = Debug|Any CPU
		{C33DBB83-6749-4992-BF7B-B278FB301719}.Debug|Any CPU.Deploy.0 = Debug|Any CPU
		{C33DBB83-6749-4992-BF7B-B278FB301719}.Release|Any CPU.ActiveCfg = Release|Any CPU
		{C33DBB83-6749-4992-BF7B-B278FB301719}.Release|Any CPU.Build.0 = Release|Any CPU
		{C33DBB83-6749-4992-BF7B-B278FB301719}.Release|Any CPU.Deploy.0 = Release|Any CPU
		{E843C85A-F43C-4FBD-A619-550B783B660E}.Debug|Any CPU.ActiveCfg = Debug|Any CPU
		{E843C85A-F43C-4FBD-A619-550B783B660E}.Debug|Any CPU.Build.0 = Debug|Any CPU
		{E843C85A-F43C-4FBD-A619-550B783B660E}.Debug|Any CPU.Deploy.0 = Debug|Any CPU
		{E843C85A-F43C-4FBD-A619-550B783B660E}.Release|Any CPU.ActiveCfg = Release|Any CPU
		{E843C85A-F43C-4FBD-A619-550B783B660E}.Release|Any CPU.Build.0 = Release|Any CPU
		{E843C85A-F43C-4FBD-A619-550B783B660E}.Release|Any CPU.Deploy.0 = Release|Any CPU
		{3ACF3FA5-18D0-49E5-9E08-8DC0581C3681}.Debug|Any CPU.ActiveCfg = Debug|Any CPU
		{3ACF3FA5-18D0-49E5-9E08-8DC0581C3681}.Debug|Any CPU.Build.0 = Debug|Any CPU
		{3ACF3FA5-18D0-49E5-9E08-8DC0581C3681}.Release|Any CPU.ActiveCfg = Release|Any CPU
		{3ACF3FA5-18D0-49E5-9E08-8DC0581C3681}.Release|Any CPU.Build.0 = Release|Any CPU
		{292D213A-6955-5300-A9A5-63252CF1EBC6}.Debug|Any CPU.ActiveCfg = Debug|Any CPU
		{292D213A-6955-5300-A9A5-63252CF1EBC6}.Debug|Any CPU.Build.0 = Debug|Any CPU
		{292D213A-6955-5300-A9A5-63252CF1EBC6}.Release|Any CPU.ActiveCfg = Release|Any CPU
		{292D213A-6955-5300-A9A5-63252CF1EBC6}.Release|Any CPU.Build.0 = Release|Any CPU
		{BFF88014-0DB5-2050-2D1B-BAEF7DC482CF}.Debug|Any CPU.ActiveCfg = Debug|Any CPU
		{BFF88014-0DB5-2050-2D1B-BAEF7DC482CF}.Debug|Any CPU.Build.0 = Debug|Any CPU
		{BFF88014-0DB5-2050-2D1B-BAEF7DC482CF}.Release|Any CPU.ActiveCfg = Release|Any CPU
		{BFF88014-0DB5-2050-2D1B-BAEF7DC482CF}.Release|Any CPU.Build.0 = Release|Any CPU
		{497A3CE3-09CB-F3B8-83A6-4AA254762AFE}.Debug|Any CPU.ActiveCfg = Debug|Any CPU
		{497A3CE3-09CB-F3B8-83A6-4AA254762AFE}.Debug|Any CPU.Build.0 = Debug|Any CPU
		{497A3CE3-09CB-F3B8-83A6-4AA254762AFE}.Release|Any CPU.ActiveCfg = Release|Any CPU
		{497A3CE3-09CB-F3B8-83A6-4AA254762AFE}.Release|Any CPU.Build.0 = Release|Any CPU
		{4C6B7EA0-D5A6-C201-2281-285DDE81CEFC}.Debug|Any CPU.ActiveCfg = Debug|Any CPU
		{4C6B7EA0-D5A6-C201-2281-285DDE81CEFC}.Debug|Any CPU.Build.0 = Debug|Any CPU
		{4C6B7EA0-D5A6-C201-2281-285DDE81CEFC}.Release|Any CPU.ActiveCfg = Release|Any CPU
		{4C6B7EA0-D5A6-C201-2281-285DDE81CEFC}.Release|Any CPU.Build.0 = Release|Any CPU
		{AF6A9DF2-1059-1BA8-6711-D87DDFB37F7C}.Debug|Any CPU.ActiveCfg = Debug|Any CPU
		{AF6A9DF2-1059-1BA8-6711-D87DDFB37F7C}.Debug|Any CPU.Build.0 = Debug|Any CPU
		{AF6A9DF2-1059-1BA8-6711-D87DDFB37F7C}.Release|Any CPU.ActiveCfg = Release|Any CPU
		{AF6A9DF2-1059-1BA8-6711-D87DDFB37F7C}.Release|Any CPU.Build.0 = Release|Any CPU
		{16AA0E69-8E97-BFF5-684B-97D86F4D123B}.Debug|Any CPU.ActiveCfg = Debug|Any CPU
		{16AA0E69-8E97-BFF5-684B-97D86F4D123B}.Debug|Any CPU.Build.0 = Debug|Any CPU
		{16AA0E69-8E97-BFF5-684B-97D86F4D123B}.Release|Any CPU.ActiveCfg = Release|Any CPU
		{16AA0E69-8E97-BFF5-684B-97D86F4D123B}.Release|Any CPU.Build.0 = Release|Any CPU
		{AA596824-9D74-B2E3-FC58-3C4A1C87B90F}.Debug|Any CPU.ActiveCfg = Debug|Any CPU
		{AA596824-9D74-B2E3-FC58-3C4A1C87B90F}.Debug|Any CPU.Build.0 = Debug|Any CPU
		{AA596824-9D74-B2E3-FC58-3C4A1C87B90F}.Release|Any CPU.ActiveCfg = Release|Any CPU
		{AA596824-9D74-B2E3-FC58-3C4A1C87B90F}.Release|Any CPU.Build.0 = Release|Any CPU
	EndGlobalSection
	GlobalSection(SolutionProperties) = preSolution
		HideSolutionNode = FALSE
	EndGlobalSection
	GlobalSection(NestedProjects) = preSolution
		{DD0539AD-0CA6-467C-9955-BA19FFC63CB2} = {C25A12AE-C6E2-4DC3-8BC7-687D798B18DE}
		{C33DBB83-6749-4992-BF7B-B278FB301719} = {C25A12AE-C6E2-4DC3-8BC7-687D798B18DE}
		{E843C85A-F43C-4FBD-A619-550B783B660E} = {C25A12AE-C6E2-4DC3-8BC7-687D798B18DE}
		{3ACF3FA5-18D0-49E5-9E08-8DC0581C3681} = {C25A12AE-C6E2-4DC3-8BC7-687D798B18DE}
		{292D213A-6955-5300-A9A5-63252CF1EBC6} = {02EA681E-C7D8-13C7-8484-4AC65E1B71E8}
		{BFF88014-0DB5-2050-2D1B-BAEF7DC482CF} = {02EA681E-C7D8-13C7-8484-4AC65E1B71E8}
		{497A3CE3-09CB-F3B8-83A6-4AA254762AFE} = {02EA681E-C7D8-13C7-8484-4AC65E1B71E8}
		{4C6B7EA0-D5A6-C201-2281-285DDE81CEFC} = {02EA681E-C7D8-13C7-8484-4AC65E1B71E8}
		{AF6A9DF2-1059-1BA8-6711-D87DDFB37F7C} = {02EA681E-C7D8-13C7-8484-4AC65E1B71E8}
		{16AA0E69-8E97-BFF5-684B-97D86F4D123B} = {02EA681E-C7D8-13C7-8484-4AC65E1B71E8}
		{AA596824-9D74-B2E3-FC58-3C4A1C87B90F} = {02EA681E-C7D8-13C7-8484-4AC65E1B71E8}
	EndGlobalSection
	GlobalSection(ExtensibilityGlobals) = postSolution
		SolutionGuid = {30AA8C87-3B33-446B-B943-F277DFCC7B07}
	EndGlobalSection
EndGlobal
